// !$*UTF8*$!
{
	archiveVersion = 1;
	classes = {
	};
	objectVersion = 50;
	objects = {

/* Begin PBXBuildFile section */
		0D66365A234EEF9600D6811C /* AppDelegate.swift in Sources */ = {isa = PBXBuildFile; fileRef = 0D663659234EEF9600D6811C /* AppDelegate.swift */; };
		0D66365C234EEF9600D6811C /* SceneDelegate.swift in Sources */ = {isa = PBXBuildFile; fileRef = 0D66365B234EEF9600D6811C /* SceneDelegate.swift */; };
		0D66365E234EEF9600D6811C /* LandmarkDetail.swift in Sources */ = {isa = PBXBuildFile; fileRef = 0D66365D234EEF9600D6811C /* LandmarkDetail.swift */; };
		0D663660234EEF9800D6811C /* Assets.xcassets in Resources */ = {isa = PBXBuildFile; fileRef = 0D66365F234EEF9800D6811C /* Assets.xcassets */; };
		0D663663234EEF9800D6811C /* Preview Assets.xcassets in Resources */ = {isa = PBXBuildFile; fileRef = 0D663662234EEF9800D6811C /* Preview Assets.xcassets */; };
		0D663666234EEF9800D6811C /* LaunchScreen.storyboard in Resources */ = {isa = PBXBuildFile; fileRef = 0D663664234EEF9800D6811C /* LaunchScreen.storyboard */; };
		0D66366E234EF0A000D6811C /* CircleImage.swift in Sources */ = {isa = PBXBuildFile; fileRef = 0D66366D234EF0A000D6811C /* CircleImage.swift */; };
		0D663670234EF11100D6811C /* MapView.swift in Sources */ = {isa = PBXBuildFile; fileRef = 0D66366F234EF11100D6811C /* MapView.swift */; };
		0D743A6D234FEB880043AE08 /* turtlerock.jpg in Resources */ = {isa = PBXBuildFile; fileRef = 0D743A60234FEB880043AE08 /* turtlerock.jpg */; };
		0D743A6E234FEB880043AE08 /* silversalmoncreek.jpg in Resources */ = {isa = PBXBuildFile; fileRef = 0D743A61234FEB880043AE08 /* silversalmoncreek.jpg */; };
		0D743A6F234FEB880043AE08 /* icybay.jpg in Resources */ = {isa = PBXBuildFile; fileRef = 0D743A62234FEB880043AE08 /* icybay.jpg */; };
		0D743A70234FEB880043AE08 /* lakemcdonald.jpg in Resources */ = {isa = PBXBuildFile; fileRef = 0D743A63234FEB880043AE08 /* lakemcdonald.jpg */; };
		0D743A71234FEB880043AE08 /* hiddenlake.jpg in Resources */ = {isa = PBXBuildFile; fileRef = 0D743A64234FEB880043AE08 /* hiddenlake.jpg */; };
		0D743A72234FEB880043AE08 /* twinlake.jpg in Resources */ = {isa = PBXBuildFile; fileRef = 0D743A65234FEB880043AE08 /* twinlake.jpg */; };
		0D743A73234FEB880043AE08 /* umbagog.jpg in Resources */ = {isa = PBXBuildFile; fileRef = 0D743A66234FEB880043AE08 /* umbagog.jpg */; };
		0D743A74234FEB880043AE08 /* landmarkData.json in Resources */ = {isa = PBXBuildFile; fileRef = 0D743A67234FEB880043AE08 /* landmarkData.json */; };
		0D743A75234FEB880043AE08 /* chincoteague.jpg in Resources */ = {isa = PBXBuildFile; fileRef = 0D743A68234FEB880043AE08 /* chincoteague.jpg */; };
		0D743A76234FEB880043AE08 /* yukon_charleyrivers.jpg in Resources */ = {isa = PBXBuildFile; fileRef = 0D743A69234FEB880043AE08 /* yukon_charleyrivers.jpg */; };
		0D743A77234FEB880043AE08 /* stmarylake.jpg in Resources */ = {isa = PBXBuildFile; fileRef = 0D743A6A234FEB880043AE08 /* stmarylake.jpg */; };
		0D743A78234FEB880043AE08 /* chilkoottrail.jpg in Resources */ = {isa = PBXBuildFile; fileRef = 0D743A6B234FEB880043AE08 /* chilkoottrail.jpg */; };
		0D743A79234FEB880043AE08 /* rainbowlake.jpg in Resources */ = {isa = PBXBuildFile; fileRef = 0D743A6C234FEB880043AE08 /* rainbowlake.jpg */; };
		0D743A7D234FEC600043AE08 /* Data.swift in Sources */ = {isa = PBXBuildFile; fileRef = 0D743A7B234FEC600043AE08 /* Data.swift */; };
		0D743A7E234FEC600043AE08 /* Landmark.swift in Sources */ = {isa = PBXBuildFile; fileRef = 0D743A7C234FEC600043AE08 /* Landmark.swift */; };
		0D743A80234FED7A0043AE08 /* LandmarkRow.swift in Sources */ = {isa = PBXBuildFile; fileRef = 0D743A7F234FED7A0043AE08 /* LandmarkRow.swift */; };
		0D743A82234FF6F80043AE08 /* LandmarkList.swift in Sources */ = {isa = PBXBuildFile; fileRef = 0D743A81234FF6F80043AE08 /* LandmarkList.swift */; };
/* End PBXBuildFile section */

/* Begin PBXFileReference section */
		0D663656234EEF9600D6811C /* Landmarks.app */ = {isa = PBXFileReference; explicitFileType = wrapper.application; includeInIndex = 0; path = Landmarks.app; sourceTree = BUILT_PRODUCTS_DIR; };
		0D663659234EEF9600D6811C /* AppDelegate.swift */ = {isa = PBXFileReference; lastKnownFileType = sourcecode.swift; path = AppDelegate.swift; sourceTree = "<group>"; };
		0D66365B234EEF9600D6811C /* SceneDelegate.swift */ = {isa = PBXFileReference; lastKnownFileType = sourcecode.swift; path = SceneDelegate.swift; sourceTree = "<group>"; };
		0D66365D234EEF9600D6811C /* LandmarkDetail.swift */ = {isa = PBXFileReference; lastKnownFileType = sourcecode.swift; path = LandmarkDetail.swift; sourceTree = "<group>"; };
		0D66365F234EEF9800D6811C /* Assets.xcassets */ = {isa = PBXFileReference; lastKnownFileType = folder.assetcatalog; path = Assets.xcassets; sourceTree = "<group>"; };
		0D663662234EEF9800D6811C /* Preview Assets.xcassets */ = {isa = PBXFileReference; lastKnownFileType = folder.assetcatalog; path = "Preview Assets.xcassets"; sourceTree = "<group>"; };
		0D663665234EEF9800D6811C /* Base */ = {isa = PBXFileReference; lastKnownFileType = file.storyboard; name = Base; path = Base.lproj/LaunchScreen.storyboard; sourceTree = "<group>"; };
		0D663667234EEF9800D6811C /* Info.plist */ = {isa = PBXFileReference; lastKnownFileType = text.plist.xml; path = Info.plist; sourceTree = "<group>"; };
		0D66366D234EF0A000D6811C /* CircleImage.swift */ = {isa = PBXFileReference; lastKnownFileType = sourcecode.swift; path = CircleImage.swift; sourceTree = "<group>"; };
		0D66366F234EF11100D6811C /* MapView.swift */ = {isa = PBXFileReference; lastKnownFileType = sourcecode.swift; path = MapView.swift; sourceTree = "<group>"; };
		0D743A60234FEB880043AE08 /* turtlerock.jpg */ = {isa = PBXFileReference; lastKnownFileType = image.jpeg; path = turtlerock.jpg; sourceTree = "<group>"; };
		0D743A61234FEB880043AE08 /* silversalmoncreek.jpg */ = {isa = PBXFileReference; lastKnownFileType = image.jpeg; path = silversalmoncreek.jpg; sourceTree = "<group>"; };
		0D743A62234FEB880043AE08 /* icybay.jpg */ = {isa = PBXFileReference; lastKnownFileType = image.jpeg; path = icybay.jpg; sourceTree = "<group>"; };
		0D743A63234FEB880043AE08 /* lakemcdonald.jpg */ = {isa = PBXFileReference; lastKnownFileType = image.jpeg; path = lakemcdonald.jpg; sourceTree = "<group>"; };
		0D743A64234FEB880043AE08 /* hiddenlake.jpg */ = {isa = PBXFileReference; lastKnownFileType = image.jpeg; path = hiddenlake.jpg; sourceTree = "<group>"; };
		0D743A65234FEB880043AE08 /* twinlake.jpg */ = {isa = PBXFileReference; lastKnownFileType = image.jpeg; path = twinlake.jpg; sourceTree = "<group>"; };
		0D743A66234FEB880043AE08 /* umbagog.jpg */ = {isa = PBXFileReference; lastKnownFileType = image.jpeg; path = umbagog.jpg; sourceTree = "<group>"; };
		0D743A67234FEB880043AE08 /* landmarkData.json */ = {isa = PBXFileReference; fileEncoding = 4; lastKnownFileType = text.json; path = landmarkData.json; sourceTree = "<group>"; };
		0D743A68234FEB880043AE08 /* chincoteague.jpg */ = {isa = PBXFileReference; lastKnownFileType = image.jpeg; path = chincoteague.jpg; sourceTree = "<group>"; };
		0D743A69234FEB880043AE08 /* yukon_charleyrivers.jpg */ = {isa = PBXFileReference; lastKnownFileType = image.jpeg; path = yukon_charleyrivers.jpg; sourceTree = "<group>"; };
		0D743A6A234FEB880043AE08 /* stmarylake.jpg */ = {isa = PBXFileReference; lastKnownFileType = image.jpeg; path = stmarylake.jpg; sourceTree = "<group>"; };
		0D743A6B234FEB880043AE08 /* chilkoottrail.jpg */ = {isa = PBXFileReference; lastKnownFileType = image.jpeg; path = chilkoottrail.jpg; sourceTree = "<group>"; };
		0D743A6C234FEB880043AE08 /* rainbowlake.jpg */ = {isa = PBXFileReference; lastKnownFileType = image.jpeg; path = rainbowlake.jpg; sourceTree = "<group>"; };
		0D743A7B234FEC600043AE08 /* Data.swift */ = {isa = PBXFileReference; fileEncoding = 4; lastKnownFileType = sourcecode.swift; path = Data.swift; sourceTree = "<group>"; };
		0D743A7C234FEC600043AE08 /* Landmark.swift */ = {isa = PBXFileReference; fileEncoding = 4; lastKnownFileType = sourcecode.swift; path = Landmark.swift; sourceTree = "<group>"; };
		0D743A7F234FED7A0043AE08 /* LandmarkRow.swift */ = {isa = PBXFileReference; lastKnownFileType = sourcecode.swift; path = LandmarkRow.swift; sourceTree = "<group>"; };
		0D743A81234FF6F80043AE08 /* LandmarkList.swift */ = {isa = PBXFileReference; lastKnownFileType = sourcecode.swift; path = LandmarkList.swift; sourceTree = "<group>"; };
/* End PBXFileReference section */

/* Begin PBXFrameworksBuildPhase section */
		0D663653234EEF9600D6811C /* Frameworks */ = {
			isa = PBXFrameworksBuildPhase;
			buildActionMask = 2147483647;
			files = (
			);
			runOnlyForDeploymentPostprocessing = 0;
		};
/* End PBXFrameworksBuildPhase section */

/* Begin PBXGroup section */
		0D66364D234EEF9600D6811C = {
			isa = PBXGroup;
			children = (
				0D663658234EEF9600D6811C /* Landmarks */,
				0D663657234EEF9600D6811C /* Products */,
			);
			sourceTree = "<group>";
		};
		0D663657234EEF9600D6811C /* Products */ = {
			isa = PBXGroup;
			children = (
				0D663656234EEF9600D6811C /* Landmarks.app */,
			);
			name = Products;
			sourceTree = "<group>";
		};
		0D663658234EEF9600D6811C /* Landmarks */ = {
			isa = PBXGroup;
			children = (
				0D663659234EEF9600D6811C /* AppDelegate.swift */,
				0D66365B234EEF9600D6811C /* SceneDelegate.swift */,
				0D743A7F234FED7A0043AE08 /* LandmarkRow.swift */,
				0D743A81234FF6F80043AE08 /* LandmarkList.swift */,
				0D66365D234EEF9600D6811C /* LandmarkDetail.swift */,
				0D743A7A234FEC600043AE08 /* Models */,
				0D743A5E234FEB230043AE08 /* Supporting Views */,
				0D743A5F234FEB880043AE08 /* Resources */,
				0D66365F234EEF9800D6811C /* Assets.xcassets */,
				0D663664234EEF9800D6811C /* LaunchScreen.storyboard */,
				0D663667234EEF9800D6811C /* Info.plist */,
				0D663661234EEF9800D6811C /* Preview Content */,
			);
			path = Landmarks;
			sourceTree = "<group>";
		};
		0D663661234EEF9800D6811C /* Preview Content */ = {
			isa = PBXGroup;
			children = (
				0D663662234EEF9800D6811C /* Preview Assets.xcassets */,
			);
			path = "Preview Content";
			sourceTree = "<group>";
		};
		0D743A5E234FEB230043AE08 /* Supporting Views */ = {
			isa = PBXGroup;
			children = (
				0D66366D234EF0A000D6811C /* CircleImage.swift */,
				0D66366F234EF11100D6811C /* MapView.swift */,
			);
			path = "Supporting Views";
			sourceTree = "<group>";
		};
		0D743A5F234FEB880043AE08 /* Resources */ = {
			isa = PBXGroup;
			children = (
				0D743A60234FEB880043AE08 /* turtlerock.jpg */,
				0D743A61234FEB880043AE08 /* silversalmoncreek.jpg */,
				0D743A62234FEB880043AE08 /* icybay.jpg */,
				0D743A63234FEB880043AE08 /* lakemcdonald.jpg */,
				0D743A64234FEB880043AE08 /* hiddenlake.jpg */,
				0D743A65234FEB880043AE08 /* twinlake.jpg */,
				0D743A66234FEB880043AE08 /* umbagog.jpg */,
				0D743A67234FEB880043AE08 /* landmarkData.json */,
				0D743A68234FEB880043AE08 /* chincoteague.jpg */,
				0D743A69234FEB880043AE08 /* yukon_charleyrivers.jpg */,
				0D743A6A234FEB880043AE08 /* stmarylake.jpg */,
				0D743A6B234FEB880043AE08 /* chilkoottrail.jpg */,
				0D743A6C234FEB880043AE08 /* rainbowlake.jpg */,
			);
			path = Resources;
			sourceTree = "<group>";
		};
		0D743A7A234FEC600043AE08 /* Models */ = {
			isa = PBXGroup;
			children = (
				0D743A7B234FEC600043AE08 /* Data.swift */,
				0D743A7C234FEC600043AE08 /* Landmark.swift */,
			);
			path = Models;
			sourceTree = "<group>";
		};
/* End PBXGroup section */

/* Begin PBXNativeTarget section */
		0D663655234EEF9600D6811C /* Landmarks */ = {
			isa = PBXNativeTarget;
			buildConfigurationList = 0D66366A234EEF9800D6811C /* Build configuration list for PBXNativeTarget "Landmarks" */;
			buildPhases = (
				0D663652234EEF9600D6811C /* Sources */,
				0D663653234EEF9600D6811C /* Frameworks */,
				0D663654234EEF9600D6811C /* Resources */,
			);
			buildRules = (
			);
			dependencies = (
			);
			name = Landmarks;
			productName = Landmarks;
			productReference = 0D663656234EEF9600D6811C /* Landmarks.app */;
			productType = "com.apple.product-type.application";
		};
/* End PBXNativeTarget section */

/* Begin PBXProject section */
		0D66364E234EEF9600D6811C /* Project object */ = {
			isa = PBXProject;
			attributes = {
				LastSwiftUpdateCheck = 1110;
				LastUpgradeCheck = 1110;
				ORGANIZATIONNAME = "Stephen Cao";
				TargetAttributes = {
					0D663655234EEF9600D6811C = {
						CreatedOnToolsVersion = 11.1;
					};
				};
			};
			buildConfigurationList = 0D663651234EEF9600D6811C /* Build configuration list for PBXProject "Landmarks" */;
			compatibilityVersion = "Xcode 9.3";
			developmentRegion = en;
			hasScannedForEncodings = 0;
			knownRegions = (
				en,
				Base,
			);
			mainGroup = 0D66364D234EEF9600D6811C;
			productRefGroup = 0D663657234EEF9600D6811C /* Products */;
			projectDirPath = "";
			projectRoot = "";
			targets = (
				0D663655234EEF9600D6811C /* Landmarks */,
			);
		};
/* End PBXProject section */

/* Begin PBXResourcesBuildPhase section */
		0D663654234EEF9600D6811C /* Resources */ = {
			isa = PBXResourcesBuildPhase;
			buildActionMask = 2147483647;
			files = (
				0D743A70234FEB880043AE08 /* lakemcdonald.jpg in Resources */,
				0D743A6E234FEB880043AE08 /* silversalmoncreek.jpg in Resources */,
				0D743A74234FEB880043AE08 /* landmarkData.json in Resources */,
				0D743A6D234FEB880043AE08 /* turtlerock.jpg in Resources */,
				0D663666234EEF9800D6811C /* LaunchScreen.storyboard in Resources */,
				0D743A73234FEB880043AE08 /* umbagog.jpg in Resources */,
				0D743A77234FEB880043AE08 /* stmarylake.jpg in Resources */,
				0D743A75234FEB880043AE08 /* chincoteague.jpg in Resources */,
				0D663663234EEF9800D6811C /* Preview Assets.xcassets in Resources */,
				0D743A6F234FEB880043AE08 /* icybay.jpg in Resources */,
				0D743A72234FEB880043AE08 /* twinlake.jpg in Resources */,
				0D743A71234FEB880043AE08 /* hiddenlake.jpg in Resources */,
				0D663660234EEF9800D6811C /* Assets.xcassets in Resources */,
				0D743A79234FEB880043AE08 /* rainbowlake.jpg in Resources */,
				0D743A78234FEB880043AE08 /* chilkoottrail.jpg in Resources */,
				0D743A76234FEB880043AE08 /* yukon_charleyrivers.jpg in Resources */,
			);
			runOnlyForDeploymentPostprocessing = 0;
		};
/* End PBXResourcesBuildPhase section */

/* Begin PBXSourcesBuildPhase section */
		0D663652234EEF9600D6811C /* Sources */ = {
			isa = PBXSourcesBuildPhase;
			buildActionMask = 2147483647;
			files = (
				0D743A7E234FEC600043AE08 /* Landmark.swift in Sources */,
				0D66365A234EEF9600D6811C /* AppDelegate.swift in Sources */,
				0D743A7D234FEC600043AE08 /* Data.swift in Sources */,
				0D66366E234EF0A000D6811C /* CircleImage.swift in Sources */,
				0D743A82234FF6F80043AE08 /* LandmarkList.swift in Sources */,
				0D663670234EF11100D6811C /* MapView.swift in Sources */,
				0D66365C234EEF9600D6811C /* SceneDelegate.swift in Sources */,
				0D743A80234FED7A0043AE08 /* LandmarkRow.swift in Sources */,
				0D66365E234EEF9600D6811C /* LandmarkDetail.swift in Sources */,
			);
			runOnlyForDeploymentPostprocessing = 0;
		};
/* End PBXSourcesBuildPhase section */

/* Begin PBXVariantGroup section */
		0D663664234EEF9800D6811C /* LaunchScreen.storyboard */ = {
			isa = PBXVariantGroup;
			children = (
				0D663665234EEF9800D6811C /* Base */,
			);
			name = LaunchScreen.storyboard;
			sourceTree = "<group>";
		};
/* End PBXVariantGroup section */

/* Begin XCBuildConfiguration section */
		0D663668234EEF9800D6811C /* Debug */ = {
			isa = XCBuildConfiguration;
			buildSettings = {
				ALWAYS_SEARCH_USER_PATHS = NO;
				CLANG_ANALYZER_NONNULL = YES;
				CLANG_ANALYZER_NUMBER_OBJECT_CONVERSION = YES_AGGRESSIVE;
				CLANG_CXX_LANGUAGE_STANDARD = "gnu++14";
				CLANG_CXX_LIBRARY = "libc++";
				CLANG_ENABLE_MODULES = YES;
				CLANG_ENABLE_OBJC_ARC = YES;
				CLANG_ENABLE_OBJC_WEAK = YES;
				CLANG_WARN_BLOCK_CAPTURE_AUTORELEASING = YES;
				CLANG_WARN_BOOL_CONVERSION = YES;
				CLANG_WARN_COMMA = YES;
				CLANG_WARN_CONSTANT_CONVERSION = YES;
				CLANG_WARN_DEPRECATED_OBJC_IMPLEMENTATIONS = YES;
				CLANG_WARN_DIRECT_OBJC_ISA_USAGE = YES_ERROR;
				CLANG_WARN_DOCUMENTATION_COMMENTS = YES;
				CLANG_WARN_EMPTY_BODY = YES;
				CLANG_WARN_ENUM_CONVERSION = YES;
				CLANG_WARN_INFINITE_RECURSION = YES;
				CLANG_WARN_INT_CONVERSION = YES;
				CLANG_WARN_NON_LITERAL_NULL_CONVERSION = YES;
				CLANG_WARN_OBJC_IMPLICIT_RETAIN_SELF = YES;
				CLANG_WARN_OBJC_LITERAL_CONVERSION = YES;
				CLANG_WARN_OBJC_ROOT_CLASS = YES_ERROR;
				CLANG_WARN_RANGE_LOOP_ANALYSIS = YES;
				CLANG_WARN_STRICT_PROTOTYPES = YES;
				CLANG_WARN_SUSPICIOUS_MOVE = YES;
				CLANG_WARN_UNGUARDED_AVAILABILITY = YES_AGGRESSIVE;
				CLANG_WARN_UNREACHABLE_CODE = YES;
				CLANG_WARN__DUPLICATE_METHOD_MATCH = YES;
				COPY_PHASE_STRIP = NO;
				DEBUG_INFORMATION_FORMAT = dwarf;
				ENABLE_STRICT_OBJC_MSGSEND = YES;
				ENABLE_TESTABILITY = YES;
				GCC_C_LANGUAGE_STANDARD = gnu11;
				GCC_DYNAMIC_NO_PIC = NO;
				GCC_NO_COMMON_BLOCKS = YES;
				GCC_OPTIMIZATION_LEVEL = 0;
				GCC_PREPROCESSOR_DEFINITIONS = (
					"DEBUG=1",
					"$(inherited)",
				);
				GCC_WARN_64_TO_32_BIT_CONVERSION = YES;
				GCC_WARN_ABOUT_RETURN_TYPE = YES_ERROR;
				GCC_WARN_UNDECLARED_SELECTOR = YES;
				GCC_WARN_UNINITIALIZED_AUTOS = YES_AGGRESSIVE;
				GCC_WARN_UNUSED_FUNCTION = YES;
				GCC_WARN_UNUSED_VARIABLE = YES;
				IPHONEOS_DEPLOYMENT_TARGET = 13.1;
				MTL_ENABLE_DEBUG_INFO = INCLUDE_SOURCE;
				MTL_FAST_MATH = YES;
				ONLY_ACTIVE_ARCH = YES;
				SDKROOT = iphoneos;
				SWIFT_ACTIVE_COMPILATION_CONDITIONS = DEBUG;
				SWIFT_OPTIMIZATION_LEVEL = "-Onone";
			};
			name = Debug;
		};
		0D663669234EEF9800D6811C /* Release */ = {
			isa = XCBuildConfiguration;
			buildSettings = {
				ALWAYS_SEARCH_USER_PATHS = NO;
				CLANG_ANALYZER_NONNULL = YES;
				CLANG_ANALYZER_NUMBER_OBJECT_CONVERSION = YES_AGGRESSIVE;
				CLANG_CXX_LANGUAGE_STANDARD = "gnu++14";
				CLANG_CXX_LIBRARY = "libc++";
				CLANG_ENABLE_MODULES = YES;
				CLANG_ENABLE_OBJC_ARC = YES;
				CLANG_ENABLE_OBJC_WEAK = YES;
				CLANG_WARN_BLOCK_CAPTURE_AUTORELEASING = YES;
				CLANG_WARN_BOOL_CONVERSION = YES;
				CLANG_WARN_COMMA = YES;
				CLANG_WARN_CONSTANT_CONVERSION = YES;
				CLANG_WARN_DEPRECATED_OBJC_IMPLEMENTATIONS = YES;
				CLANG_WARN_DIRECT_OBJC_ISA_USAGE = YES_ERROR;
				CLANG_WARN_DOCUMENTATION_COMMENTS = YES;
				CLANG_WARN_EMPTY_BODY = YES;
				CLANG_WARN_ENUM_CONVERSION = YES;
				CLANG_WARN_INFINITE_RECURSION = YES;
				CLANG_WARN_INT_CONVERSION = YES;
				CLANG_WARN_NON_LITERAL_NULL_CONVERSION = YES;
				CLANG_WARN_OBJC_IMPLICIT_RETAIN_SELF = YES;
				CLANG_WARN_OBJC_LITERAL_CONVERSION = YES;
				CLANG_WARN_OBJC_ROOT_CLASS = YES_ERROR;
				CLANG_WARN_RANGE_LOOP_ANALYSIS = YES;
				CLANG_WARN_STRICT_PROTOTYPES = YES;
				CLANG_WARN_SUSPICIOUS_MOVE = YES;
				CLANG_WARN_UNGUARDED_AVAILABILITY = YES_AGGRESSIVE;
				CLANG_WARN_UNREACHABLE_CODE = YES;
				CLANG_WARN__DUPLICATE_METHOD_MATCH = YES;
				COPY_PHASE_STRIP = NO;
				DEBUG_INFORMATION_FORMAT = "dwarf-with-dsym";
				ENABLE_NS_ASSERTIONS = NO;
				ENABLE_STRICT_OBJC_MSGSEND = YES;
				GCC_C_LANGUAGE_STANDARD = gnu11;
				GCC_NO_COMMON_BLOCKS = YES;
				GCC_WARN_64_TO_32_BIT_CONVERSION = YES;
				GCC_WARN_ABOUT_RETURN_TYPE = YES_ERROR;
				GCC_WARN_UNDECLARED_SELECTOR = YES;
				GCC_WARN_UNINITIALIZED_AUTOS = YES_AGGRESSIVE;
				GCC_WARN_UNUSED_FUNCTION = YES;
				GCC_WARN_UNUSED_VARIABLE = YES;
				IPHONEOS_DEPLOYMENT_TARGET = 13.1;
				MTL_ENABLE_DEBUG_INFO = NO;
				MTL_FAST_MATH = YES;
				SDKROOT = iphoneos;
				SWIFT_COMPILATION_MODE = wholemodule;
				SWIFT_OPTIMIZATION_LEVEL = "-O";
				VALIDATE_PRODUCT = YES;
			};
			name = Release;
		};
		0D66366B234EEF9800D6811C /* Debug */ = {
			isa = XCBuildConfiguration;
			buildSettings = {
				ASSETCATALOG_COMPILER_APPICON_NAME = AppIcon;
				CODE_SIGN_STYLE = Automatic;
				DEVELOPMENT_ASSET_PATHS = "\"Landmarks/Preview Content\"";
				ENABLE_PREVIEWS = YES;
				INFOPLIST_FILE = Landmarks/Info.plist;
				LD_RUNPATH_SEARCH_PATHS = (
					"$(inherited)",
					"@executable_path/Frameworks",
				);
				PRODUCT_BUNDLE_IDENTIFIER = com.stephencao.project.Landmarks;
				PRODUCT_NAME = "$(TARGET_NAME)";
				SWIFT_VERSION = 5.0;
				TARGETED_DEVICE_FAMILY = "1,2";
			};
			name = Debug;
		};
		0D66366C234EEF9800D6811C /* Release */ = {
			isa = XCBuildConfiguration;
			buildSettings = {
				ASSETCATALOG_COMPILER_APPICON_NAME = AppIcon;
				CODE_SIGN_STYLE = Automatic;
				DEVELOPMENT_ASSET_PATHS = "\"Landmarks/Preview Content\"";
				ENABLE_PREVIEWS = YES;
				INFOPLIST_FILE = Landmarks/Info.plist;
				LD_RUNPATH_SEARCH_PATHS = (
					"$(inherited)",
					"@executable_path/Frameworks",
				);
				PRODUCT_BUNDLE_IDENTIFIER = com.stephencao.project.Landmarks;
				PRODUCT_NAME = "$(TARGET_NAME)";
				SWIFT_VERSION = 5.0;
				TARGETED_DEVICE_FAMILY = "1,2";
			};
			name = Release;
		};
/* End XCBuildConfiguration section */

/* Begin XCConfigurationList section */
		0D663651234EEF9600D6811C /* Build configuration list for PBXProject "Landmarks" */ = {
			isa = XCConfigurationList;
			buildConfigurations = (
				0D663668234EEF9800D6811C /* Debug */,
				0D663669234EEF9800D6811C /* Release */,
			);
			defaultConfigurationIsVisible = 0;
			defaultConfigurationName = Release;
		};
		0D66366A234EEF9800D6811C /* Build configuration list for PBXNativeTarget "Landmarks" */ = {
			isa = XCConfigurationList;
			buildConfigurations = (
				0D66366B234EEF9800D6811C /* Debug */,
				0D66366C234EEF9800D6811C /* Release */,
			);
			defaultConfigurationIsVisible = 0;
			defaultConfigurationName = Release;
		};
/* End XCConfigurationList section */
	};
	rootObject = 0D66364E234EEF9600D6811C /* Project object */;
}
